
Microsoft Visual Studio Solution File, Format Version 12.00
# Visual Studio Version 17
VisualStudioVersion = 17.0.32112.339
MinimumVisualStudioVersion = 10.0.40219.1
Project("{9A19103F-16F7-4668-BE54-9A1E7A4F7556}") = "Reloading.ApiClient", "..\BulletSolution\Reloading.ApiClient\Reloading.ApiClient.csproj", "{F818CA12-DB8A-42B7-A13A-6437569AFED4}"
EndProject
Project("{9A19103F-16F7-4668-BE54-9A1E7A4F7556}") = "BulletLibrary", "..\BulletSolution\BulletLibrary\BulletLibrary.csproj", "{EBDE3919-364A-47A4-92B3-888F03E010E8}"
EndProject
Project("{9A19103F-16F7-4668-BE54-9A1E7A4F7556}") = "¨WebApiConsoleTest", "..\BulletSolution\Clients\¨WebApiConsoleTest\¨WebApiConsoleTest.csproj", "{960F6EFE-034A-4D47-95DE-0B2EFB2B7C60}"
EndProject
Project("{FAE04EC0-301F-11D3-BF4B-00C04F79EFBC}") = "Reloading.Mobile.Android", "Reloading.Mobile\Reloading.Mobile.Android\Reloading.Mobile.Android.csproj", "{4155076D-183F-479A-A5D2-1079A33DFFCA}"
EndProject
Project("{FAE04EC0-301F-11D3-BF4B-00C04F79EFBC}") = "Reloading.Mobile.iOS", "Reloading.Mobile\Reloading.Mobile.iOS\Reloading.Mobile.iOS.csproj", "{33C3FA67-D895-4CD5-8D39-CABD53101391}"
EndProject
Project("{9A19103F-16F7-4668-BE54-9A1E7A4F7556}") = "Reloading.Mobile", "Reloading.Mobile\Reloading.Mobile\Reloading.Mobile.csproj", "{13AB5036-329D-4887-8B26-162507B101E1}"
EndProject
Project("{9A19103F-16F7-4668-BE54-9A1E7A4F7556}") = "Reloading.Services.EF", "..\BulletSolution\Services\Reloading.Services.EF\Reloading.Services.EF.csproj", "{9FA3BB9B-A387-4EC4-B071-31421060C16B}"
EndProject
Global
	GlobalSection(SolutionConfigurationPlatforms) = preSolution
		Debug|Any CPU = Debug|Any CPU
		Debug|iPhone = Debug|iPhone
		Debug|iPhoneSimulator = Debug|iPhoneSimulator
		Release|Any CPU = Release|Any CPU
		Release|iPhone = Release|iPhone
		Release|iPhoneSimulator = Release|iPhoneSimulator
	EndGlobalSection
	GlobalSection(ProjectConfigurationPlatforms) = postSolution
		{F818CA12-DB8A-42B7-A13A-6437569AFED4}.Debug|Any CPU.ActiveCfg = Debug|Any CPU
		{F818CA12-DB8A-42B7-A13A-6437569AFED4}.Debug|Any CPU.Build.0 = Debug|Any CPU
		{F818CA12-DB8A-42B7-A13A-6437569AFED4}.Debug|iPhone.ActiveCfg = Debug|Any CPU
		{F818CA12-DB8A-42B7-A13A-6437569AFED4}.Debug|iPhone.Build.0 = Debug|Any CPU
		{F818CA12-DB8A-42B7-A13A-6437569AFED4}.Debug|iPhoneSimulator.ActiveCfg = Debug|Any CPU
		{F818CA12-DB8A-42B7-A13A-6437569AFED4}.Debug|iPhoneSimulator.Build.0 = Debug|Any CPU
		{F818CA12-DB8A-42B7-A13A-6437569AFED4}.Release|Any CPU.ActiveCfg = Release|Any CPU
		{F818CA12-DB8A-42B7-A13A-6437569AFED4}.Release|Any CPU.Build.0 = Release|Any CPU
		{F818CA12-DB8A-42B7-A13A-6437569AFED4}.Release|iPhone.ActiveCfg = Release|Any CPU
		{F818CA12-DB8A-42B7-A13A-6437569AFED4}.Release|iPhone.Build.0 = Release|Any CPU
		{F818CA12-DB8A-42B7-A13A-6437569AFED4}.Release|iPhoneSimulator.ActiveCfg = Release|Any CPU
		{F818CA12-DB8A-42B7-A13A-6437569AFED4}.Release|iPhoneSimulator.Build.0 = Release|Any CPU
		{EBDE3919-364A-47A4-92B3-888F03E010E8}.Debug|Any CPU.ActiveCfg = Debug|Any CPU
		{EBDE3919-364A-47A4-92B3-888F03E010E8}.Debug|Any CPU.Build.0 = Debug|Any CPU
		{EBDE3919-364A-47A4-92B3-888F03E010E8}.Debug|iPhone.ActiveCfg = Debug|Any CPU
		{EBDE3919-364A-47A4-92B3-888F03E010E8}.Debug|iPhone.Build.0 = Debug|Any CPU
		{EBDE3919-364A-47A4-92B3-888F03E010E8}.Debug|iPhoneSimulator.ActiveCfg = Debug|Any CPU
		{EBDE3919-364A-47A4-92B3-888F03E010E8}.Debug|iPhoneSimulator.Build.0 = Debug|Any CPU
		{EBDE3919-364A-47A4-92B3-888F03E010E8}.Release|Any CPU.ActiveCfg = Release|Any CPU
		{EBDE3919-364A-47A4-92B3-888F03E010E8}.Release|Any CPU.Build.0 = Release|Any CPU
		{EBDE3919-364A-47A4-92B3-888F03E010E8}.Release|iPhone.ActiveCfg = Release|Any CPU
		{EBDE3919-364A-47A4-92B3-888F03E010E8}.Release|iPhone.Build.0 = Release|Any CPU
		{EBDE3919-364A-47A4-92B3-888F03E010E8}.Release|iPhoneSimulator.ActiveCfg = Release|Any CPU
		{EBDE3919-364A-47A4-92B3-888F03E010E8}.Release|iPhoneSimulator.Build.0 = Release|Any CPU
		{960F6EFE-034A-4D47-95DE-0B2EFB2B7C60}.Debug|Any CPU.ActiveCfg = Debug|Any CPU
		{960F6EFE-034A-4D47-95DE-0B2EFB2B7C60}.Debug|Any CPU.Build.0 = Debug|Any CPU
		{960F6EFE-034A-4D47-95DE-0B2EFB2B7C60}.Debug|iPhone.ActiveCfg = Debug|Any CPU
		{960F6EFE-034A-4D47-95DE-0B2EFB2B7C60}.Debug|iPhone.Build.0 = Debug|Any CPU
		{960F6EFE-034A-4D47-95DE-0B2EFB2B7C60}.Debug|iPhoneSimulator.ActiveCfg = Debug|Any CPU
		{960F6EFE-034A-4D47-95DE-0B2EFB2B7C60}.Debug|iPhoneSimulator.Build.0 = Debug|Any CPU
		{960F6EFE-034A-4D47-95DE-0B2EFB2B7C60}.Release|Any CPU.ActiveCfg = Release|Any CPU
		{960F6EFE-034A-4D47-95DE-0B2EFB2B7C60}.Release|Any CPU.Build.0 = Release|Any CPU
		{960F6EFE-034A-4D47-95DE-0B2EFB2B7C60}.Release|iPhone.ActiveCfg = Release|Any CPU
		{960F6EFE-034A-4D47-95DE-0B2EFB2B7C60}.Release|iPhone.Build.0 = Release|Any CPU
		{960F6EFE-034A-4D47-95DE-0B2EFB2B7C60}.Release|iPhoneSimulator.ActiveCfg = Release|Any CPU
		{960F6EFE-034A-4D47-95DE-0B2EFB2B7C60}.Release|iPhoneSimulator.Build.0 = Release|Any CPU
		{4155076D-183F-479A-A5D2-1079A33DFFCA}.Debug|Any CPU.ActiveCfg = Debug|Any CPU
		{4155076D-183F-479A-A5D2-1079A33DFFCA}.Debug|Any CPU.Build.0 = Debug|Any CPU
		{4155076D-183F-479A-A5D2-1079A33DFFCA}.Debug|Any CPU.Deploy.0 = Debug|Any CPU
		{4155076D-183F-479A-A5D2-1079A33DFFCA}.Debug|iPhone.ActiveCfg = Debug|Any CPU
		{4155076D-183F-479A-A5D2-1079A33DFFCA}.Debug|iPhone.Build.0 = Debug|Any CPU
		{4155076D-183F-479A-A5D2-1079A33DFFCA}.Debug|iPhone.Deploy.0 = Debug|Any CPU
		{4155076D-183F-479A-A5D2-1079A33DFFCA}.Debug|iPhoneSimulator.ActiveCfg = Debug|Any CPU
		{4155076D-183F-479A-A5D2-1079A33DFFCA}.Debug|iPhoneSimulator.Build.0 = Debug|Any CPU
		{4155076D-183F-479A-A5D2-1079A33DFFCA}.Debug|iPhoneSimulator.Deploy.0 = Debug|Any CPU
		{4155076D-183F-479A-A5D2-1079A33DFFCA}.Release|Any CPU.ActiveCfg = Release|Any CPU
		{4155076D-183F-479A-A5D2-1079A33DFFCA}.Release|Any CPU.Build.0 = Release|Any CPU
		{4155076D-183F-479A-A5D2-1079A33DFFCA}.Release|Any CPU.Deploy.0 = Release|Any CPU
		{4155076D-183F-479A-A5D2-1079A33DFFCA}.Release|iPhone.ActiveCfg = Release|Any CPU
		{4155076D-183F-479A-A5D2-1079A33DFFCA}.Release|iPhone.Build.0 = Release|Any CPU
		{4155076D-183F-479A-A5D2-1079A33DFFCA}.Release|iPhone.Deploy.0 = Release|Any CPU
		{4155076D-183F-479A-A5D2-1079A33DFFCA}.Release|iPhoneSimulator.ActiveCfg = Release|Any CPU
		{4155076D-183F-479A-A5D2-1079A33DFFCA}.Release|iPhoneSimulator.Build.0 = Release|Any CPU
		{4155076D-183F-479A-A5D2-1079A33DFFCA}.Release|iPhoneSimulator.Deploy.0 = Release|Any CPU
		{33C3FA67-D895-4CD5-8D39-CABD53101391}.Debug|Any CPU.ActiveCfg = Debug|iPhoneSimulator
		{33C3FA67-D895-4CD5-8D39-CABD53101391}.Debug|Any CPU.Build.0 = Debug|iPhoneSimulator
		{33C3FA67-D895-4CD5-8D39-CABD53101391}.Debug|iPhone.ActiveCfg = Debug|iPhone
		{33C3FA67-D895-4CD5-8D39-CABD53101391}.Debug|iPhone.Build.0 = Debug|iPhone
		{33C3FA67-D895-4CD5-8D39-CABD53101391}.Debug|iPhoneSimulator.ActiveCfg = Debug|iPhoneSimulator
		{33C3FA67-D895-4CD5-8D39-CABD53101391}.Debug|iPhoneSimulator.Build.0 = Debug|iPhoneSimulator
		{33C3FA67-D895-4CD5-8D39-CABD53101391}.Release|Any CPU.ActiveCfg = Release|iPhoneSimulator
		{33C3FA67-D895-4CD5-8D39-CABD53101391}.Release|Any CPU.Build.0 = Release|iPhoneSimulator
		{33C3FA67-D895-4CD5-8D39-CABD53101391}.Release|iPhone.ActiveCfg = Release|iPhone
		{33C3FA67-D895-4CD5-8D39-CABD53101391}.Release|iPhone.Build.0 = Release|iPhone
		{33C3FA67-D895-4CD5-8D39-CABD53101391}.Release|iPhoneSimulator.ActiveCfg = Release|iPhoneSimulator
		{33C3FA67-D895-4CD5-8D39-CABD53101391}.Release|iPhoneSimulator.Build.0 = Release|iPhoneSimulator
		{13AB5036-329D-4887-8B26-162507B101E1}.Debug|Any CPU.ActiveCfg = Debug|Any CPU
		{13AB5036-329D-4887-8B26-162507B101E1}.Debug|Any CPU.Build.0 = Debug|Any CPU
		{13AB5036-329D-4887-8B26-162507B101E1}.Debug|iPhone.ActiveCfg = Debug|Any CPU
		{13AB5036-329D-4887-8B26-162507B101E1}.Debug|iPhone.Build.0 = Debug|Any CPU
		{13AB5036-329D-4887-8B26-162507B101E1}.Debug|iPhoneSimulator.ActiveCfg = Debug|Any CPU
		{13AB5036-329D-4887-8B26-162507B101E1}.Debug|iPhoneSimulator.Build.0 = Debug|Any CPU
		{13AB5036-329D-4887-8B26-162507B101E1}.Release|Any CPU.ActiveCfg = Release|Any CPU
		{13AB5036-329D-4887-8B26-162507B101E1}.Release|Any CPU.Build.0 = Release|Any CPU
		{13AB5036-329D-4887-8B26-162507B101E1}.Release|iPhone.ActiveCfg = Release|Any CPU
		{13AB5036-329D-4887-8B26-162507B101E1}.Release|iPhone.Build.0 = Release|Any CPU
		{13AB5036-329D-4887-8B26-162507B101E1}.Release|iPhoneSimulator.ActiveCfg = Release|Any CPU
		{13AB5036-329D-4887-8B26-162507B101E1}.Release|iPhoneSimulator.Build.0 = Release|Any CPU
		{9FA3BB9B-A387-4EC4-B071-31421060C16B}.Debug|Any CPU.ActiveCfg = Debug|Any CPU
		{9FA3BB9B-A387-4EC4-B071-31421060C16B}.Debug|Any CPU.Build.0 = Debug|Any CPU
		{9FA3BB9B-A387-4EC4-B071-31421060C16B}.Debug|iPhone.ActiveCfg = Debug|Any CPU
		{9FA3BB9B-A387-4EC4-B071-31421060C16B}.Debug|iPhone.Build.0 = Debug|Any CPU
		{9FA3BB9B-A387-4EC4-B071-31421060C16B}.Debug|iPhoneSimulator.ActiveCfg = Debug|Any CPU
		{9FA3BB9B-A387-4EC4-B071-31421060C16B}.Debug|iPhoneSimulator.Build.0 = Debug|Any CPU
		{9FA3BB9B-A387-4EC4-B071-31421060C16B}.Release|Any CPU.ActiveCfg = Release|Any CPU
		{9FA3BB9B-A387-4EC4-B071-31421060C16B}.Release|Any CPU.Build.0 = Release|Any CPU
		{9FA3BB9B-A387-4EC4-B071-31421060C16B}.Release|iPhone.ActiveCfg = Release|Any CPU
		{9FA3BB9B-A387-4EC4-B071-31421060C16B}.Release|iPhone.Build.0 = Release|Any CPU
		{9FA3BB9B-A387-4EC4-B071-31421060C16B}.Release|iPhoneSimulator.ActiveCfg = Release|Any CPU
		{9FA3BB9B-A387-4EC4-B071-31421060C16B}.Release|iPhoneSimulator.Build.0 = Release|Any CPU
	EndGlobalSection
	GlobalSection(SolutionProperties) = preSolution
		HideSolutionNode = FALSE
	EndGlobalSection
	GlobalSection(ExtensibilityGlobals) = postSolution
		SolutionGuid = {3B9DA956-A7D8-4124-AC7C-A7EE46AAC8DD}
	EndGlobalSection
EndGlobal
