
Microsoft Visual Studio Solution File, Format Version 12.00
# Visual Studio Version 17
VisualStudioVersion = 17.0.32112.339
MinimumVisualStudioVersion = 10.0.40219.1
Project("{FAE04EC0-301F-11D3-BF4B-00C04F79EFBC}") = "Oma Projekti 1.Android", "Oma Projekti 1\Oma Projekti 1.Android\Oma Projekti 1.Android.csproj", "{F05592F4-CB63-4F5A-AB27-D80297DF05C6}"
EndProject
Project("{FAE04EC0-301F-11D3-BF4B-00C04F79EFBC}") = "Oma Projekti 1.iOS", "Oma Projekti 1\Oma Projekti 1.iOS\Oma Projekti 1.iOS.csproj", "{1951E23F-E636-44C0-97CA-D2859AC8F8ED}"
EndProject
Project("{FAE04EC0-301F-11D3-BF4B-00C04F79EFBC}") = "Oma Projekti 1", "Oma Projekti 1\Oma Projekti 1\Oma Projekti 1.csproj", "{12C49A5A-D7B7-4593-B4B8-F249CFA367CD}"
EndProject
Global
	GlobalSection(SolutionConfigurationPlatforms) = preSolution
		Debug|Any CPU = Debug|Any CPU
		Debug|iPhone = Debug|iPhone
		Debug|iPhoneSimulator = Debug|iPhoneSimulator
		Release|Any CPU = Release|Any CPU
		Release|iPhone = Release|iPhone
		Release|iPhoneSimulator = Release|iPhoneSimulator
	EndGlobalSection
	GlobalSection(ProjectConfigurationPlatforms) = postSolution
		{F05592F4-CB63-4F5A-AB27-D80297DF05C6}.Debug|Any CPU.ActiveCfg = Debug|Any CPU
		{F05592F4-CB63-4F5A-AB27-D80297DF05C6}.Debug|Any CPU.Build.0 = Debug|Any CPU
		{F05592F4-CB63-4F5A-AB27-D80297DF05C6}.Debug|Any CPU.Deploy.0 = Debug|Any CPU
		{F05592F4-CB63-4F5A-AB27-D80297DF05C6}.Debug|iPhone.ActiveCfg = Debug|Any CPU
		{F05592F4-CB63-4F5A-AB27-D80297DF05C6}.Debug|iPhone.Build.0 = Debug|Any CPU
		{F05592F4-CB63-4F5A-AB27-D80297DF05C6}.Debug|iPhone.Deploy.0 = Debug|Any CPU
		{F05592F4-CB63-4F5A-AB27-D80297DF05C6}.Debug|iPhoneSimulator.ActiveCfg = Debug|Any CPU
		{F05592F4-CB63-4F5A-AB27-D80297DF05C6}.Debug|iPhoneSimulator.Build.0 = Debug|Any CPU
		{F05592F4-CB63-4F5A-AB27-D80297DF05C6}.Debug|iPhoneSimulator.Deploy.0 = Debug|Any CPU
		{F05592F4-CB63-4F5A-AB27-D80297DF05C6}.Release|Any CPU.ActiveCfg = Release|Any CPU
		{F05592F4-CB63-4F5A-AB27-D80297DF05C6}.Release|Any CPU.Build.0 = Release|Any CPU
		{F05592F4-CB63-4F5A-AB27-D80297DF05C6}.Release|Any CPU.Deploy.0 = Release|Any CPU
		{F05592F4-CB63-4F5A-AB27-D80297DF05C6}.Release|iPhone.ActiveCfg = Release|Any CPU
		{F05592F4-CB63-4F5A-AB27-D80297DF05C6}.Release|iPhone.Build.0 = Release|Any CPU
		{F05592F4-CB63-4F5A-AB27-D80297DF05C6}.Release|iPhone.Deploy.0 = Release|Any CPU
		{F05592F4-CB63-4F5A-AB27-D80297DF05C6}.Release|iPhoneSimulator.ActiveCfg = Release|Any CPU
		{F05592F4-CB63-4F5A-AB27-D80297DF05C6}.Release|iPhoneSimulator.Build.0 = Release|Any CPU
		{F05592F4-CB63-4F5A-AB27-D80297DF05C6}.Release|iPhoneSimulator.Deploy.0 = Release|Any CPU
		{1951E23F-E636-44C0-97CA-D2859AC8F8ED}.Debug|Any CPU.ActiveCfg = Debug|iPhone
		{1951E23F-E636-44C0-97CA-D2859AC8F8ED}.Debug|Any CPU.Build.0 = Debug|iPhone
		{1951E23F-E636-44C0-97CA-D2859AC8F8ED}.Debug|Any CPU.Deploy.0 = Debug|iPhone
		{1951E23F-E636-44C0-97CA-D2859AC8F8ED}.Debug|iPhone.ActiveCfg = Debug|iPhone
		{1951E23F-E636-44C0-97CA-D2859AC8F8ED}.Debug|iPhone.Build.0 = Debug|iPhone
		{1951E23F-E636-44C0-97CA-D2859AC8F8ED}.Debug|iPhone.Deploy.0 = Debug|iPhone
		{1951E23F-E636-44C0-97CA-D2859AC8F8ED}.Debug|iPhoneSimulator.ActiveCfg = Debug|iPhoneSimulator
		{1951E23F-E636-44C0-97CA-D2859AC8F8ED}.Debug|iPhoneSimulator.Build.0 = Debug|iPhoneSimulator
		{1951E23F-E636-44C0-97CA-D2859AC8F8ED}.Debug|iPhoneSimulator.Deploy.0 = Debug|iPhoneSimulator
		{1951E23F-E636-44C0-97CA-D2859AC8F8ED}.Release|Any CPU.ActiveCfg = Release|iPhoneSimulator
		{1951E23F-E636-44C0-97CA-D2859AC8F8ED}.Release|Any CPU.Build.0 = Release|iPhoneSimulator
		{1951E23F-E636-44C0-97CA-D2859AC8F8ED}.Release|Any CPU.Deploy.0 = Release|iPhoneSimulator
		{1951E23F-E636-44C0-97CA-D2859AC8F8ED}.Release|iPhone.ActiveCfg = Release|iPhone
		{1951E23F-E636-44C0-97CA-D2859AC8F8ED}.Release|iPhone.Build.0 = Release|iPhone
		{1951E23F-E636-44C0-97CA-D2859AC8F8ED}.Release|iPhone.Deploy.0 = Release|iPhone
		{1951E23F-E636-44C0-97CA-D2859AC8F8ED}.Release|iPhoneSimulator.ActiveCfg = Release|iPhoneSimulator
		{1951E23F-E636-44C0-97CA-D2859AC8F8ED}.Release|iPhoneSimulator.Build.0 = Release|iPhoneSimulator
		{1951E23F-E636-44C0-97CA-D2859AC8F8ED}.Release|iPhoneSimulator.Deploy.0 = Release|iPhoneSimulator
		{12C49A5A-D7B7-4593-B4B8-F249CFA367CD}.Debug|Any CPU.ActiveCfg = Debug|Any CPU
		{12C49A5A-D7B7-4593-B4B8-F249CFA367CD}.Debug|Any CPU.Build.0 = Debug|Any CPU
		{12C49A5A-D7B7-4593-B4B8-F249CFA367CD}.Debug|Any CPU.Deploy.0 = Debug|Any CPU
		{12C49A5A-D7B7-4593-B4B8-F249CFA367CD}.Debug|iPhone.ActiveCfg = Debug|Any CPU
		{12C49A5A-D7B7-4593-B4B8-F249CFA367CD}.Debug|iPhone.Build.0 = Debug|Any CPU
		{12C49A5A-D7B7-4593-B4B8-F249CFA367CD}.Debug|iPhone.Deploy.0 = Debug|Any CPU
		{12C49A5A-D7B7-4593-B4B8-F249CFA367CD}.Debug|iPhoneSimulator.ActiveCfg = Debug|Any CPU
		{12C49A5A-D7B7-4593-B4B8-F249CFA367CD}.Debug|iPhoneSimulator.Build.0 = Debug|Any CPU
		{12C49A5A-D7B7-4593-B4B8-F249CFA367CD}.Debug|iPhoneSimulator.Deploy.0 = Debug|Any CPU
		{12C49A5A-D7B7-4593-B4B8-F249CFA367CD}.Release|Any CPU.ActiveCfg = Release|Any CPU
		{12C49A5A-D7B7-4593-B4B8-F249CFA367CD}.Release|Any CPU.Build.0 = Release|Any CPU
		{12C49A5A-D7B7-4593-B4B8-F249CFA367CD}.Release|Any CPU.Deploy.0 = Release|Any CPU
		{12C49A5A-D7B7-4593-B4B8-F249CFA367CD}.Release|iPhone.ActiveCfg = Release|Any CPU
		{12C49A5A-D7B7-4593-B4B8-F249CFA367CD}.Release|iPhone.Build.0 = Release|Any CPU
		{12C49A5A-D7B7-4593-B4B8-F249CFA367CD}.Release|iPhone.Deploy.0 = Release|Any CPU
		{12C49A5A-D7B7-4593-B4B8-F249CFA367CD}.Release|iPhoneSimulator.ActiveCfg = Release|Any CPU
		{12C49A5A-D7B7-4593-B4B8-F249CFA367CD}.Release|iPhoneSimulator.Build.0 = Release|Any CPU
		{12C49A5A-D7B7-4593-B4B8-F249CFA367CD}.Release|iPhoneSimulator.Deploy.0 = Release|Any CPU
	EndGlobalSection
	GlobalSection(SolutionProperties) = preSolution
		HideSolutionNode = FALSE
	EndGlobalSection
	GlobalSection(ExtensibilityGlobals) = postSolution
		SolutionGuid = {EDE8773F-7026-44C6-BA74-B77390AE48CB}
	EndGlobalSection
EndGlobal
