
Microsoft Visual Studio Solution File, Format Version 12.00
# Visual Studio Version 17
VisualStudioVersion = 17.0.32112.339
MinimumVisualStudioVersion = 10.0.40219.1
Project("{9A19103F-16F7-4668-BE54-9A1E7A4F7556}") = "BulletLibrary", "BulletLibrary\BulletLibrary.csproj", "{117EE2CA-0299-43F5-9FFE-BDAA62C0BB16}"
EndProject
Project("{2150E333-8FDC-42A3-9474-1A3956D46DE8}") = "Solution Items", "Solution Items", "{55DA002B-086B-4F63-BAFC-E18FD9E9D615}"
	ProjectSection(SolutionItems) = preProject
		.editorconfig = .editorconfig
	EndProjectSection
EndProject
Project("{9A19103F-16F7-4668-BE54-9A1E7A4F7556}") = "Reload.Data.xUnit", "Reload.Data.xUnit\Reload.Data.xUnit.csproj", "{33B3ED3E-618C-4BBF-A415-8C9CC18671DF}"
EndProject
Project("{9A19103F-16F7-4668-BE54-9A1E7A4F7556}") = "BulletWebApplication", "BulletWebApplication\BulletWebApplication.csproj", "{7E44F0A2-407F-429E-B1F0-86275B20BA23}"
EndProject
Project("{9A19103F-16F7-4668-BE54-9A1E7A4F7556}") = "Reloading.Services", "Reloading.Services\Reloading.Services.csproj", "{53383322-DE09-46C7-9916-2BE656BE165D}"
EndProject
Project("{9A19103F-16F7-4668-BE54-9A1E7A4F7556}") = "Reloading.Client", "Client\Reloading.Client.csproj", "{BAEE7376-7515-4339-B957-06C7D97BAF21}"
EndProject
Project("{2150E333-8FDC-42A3-9474-1A3956D46DE8}") = "Services", "Services", "{185C7186-026A-47E0-81D6-D3AFD7668824}"
EndProject
Project("{9A19103F-16F7-4668-BE54-9A1E7A4F7556}") = "Reloading.Services.EF", "Services\Reloading.Services.EF\Reloading.Services.EF.csproj", "{8DC148C9-D427-4CCD-A519-B2884F82CECE}"
EndProject
Project("{2150E333-8FDC-42A3-9474-1A3956D46DE8}") = "Clients", "Clients", "{CA8B8EF8-8966-41C1-9860-19463413B1EB}"
EndProject
Project("{9A19103F-16F7-4668-BE54-9A1E7A4F7556}") = "Reloading.Web.Blazor", "Clients\Reloading.Web.Blazor\Reloading.Web.Blazor.csproj", "{A5C05025-6BC6-4AD0-9696-AE02CD398603}"
EndProject
Project("{FAE04EC0-301F-11D3-BF4B-00C04F79EFBC}") = "ReloadingMobileApp.Android", "ReloadingMobileApp\ReloadingMobileApp.Android\ReloadingMobileApp.Android.csproj", "{7349927A-5B75-4D6A-818F-6F00238FE7FF}"
EndProject
Project("{FAE04EC0-301F-11D3-BF4B-00C04F79EFBC}") = "ReloadingMobileApp.iOS", "ReloadingMobileApp\ReloadingMobileApp.iOS\ReloadingMobileApp.iOS.csproj", "{EB47D11D-3C41-4703-8D25-CAACB380E398}"
EndProject
Project("{9A19103F-16F7-4668-BE54-9A1E7A4F7556}") = "ReloadingMobileApp", "ReloadingMobileApp\ReloadingMobileApp\ReloadingMobileApp.csproj", "{E0B62A45-ADE6-4DFD-8681-9111BB1D69AA}"
EndProject
Project("{FAE04EC0-301F-11D3-BF4B-00C04F79EFBC}") = "Reloading.ApiClient", "Reloading.ApiClient\Reloading.ApiClient.csproj", "{9F63E0C5-CCA0-4EC4-8F75-0D9C45D9E15F}"
EndProject
Project("{FAE04EC0-301F-11D3-BF4B-00C04F79EFBC}") = "¨WebApiConsoleTest", "Clients\¨WebApiConsoleTest\¨WebApiConsoleTest.csproj", "{F01AF123-3F17-4601-A8AF-4CA3478179C8}"
EndProject
Global
	GlobalSection(SolutionConfigurationPlatforms) = preSolution
		Debug|Any CPU = Debug|Any CPU
		Debug|iPhone = Debug|iPhone
		Debug|iPhoneSimulator = Debug|iPhoneSimulator
		Release|Any CPU = Release|Any CPU
		Release|iPhone = Release|iPhone
		Release|iPhoneSimulator = Release|iPhoneSimulator
	EndGlobalSection
	GlobalSection(ProjectConfigurationPlatforms) = postSolution
		{117EE2CA-0299-43F5-9FFE-BDAA62C0BB16}.Debug|Any CPU.ActiveCfg = Debug|Any CPU
		{117EE2CA-0299-43F5-9FFE-BDAA62C0BB16}.Debug|Any CPU.Build.0 = Debug|Any CPU
		{117EE2CA-0299-43F5-9FFE-BDAA62C0BB16}.Debug|iPhone.ActiveCfg = Debug|Any CPU
		{117EE2CA-0299-43F5-9FFE-BDAA62C0BB16}.Debug|iPhone.Build.0 = Debug|Any CPU
		{117EE2CA-0299-43F5-9FFE-BDAA62C0BB16}.Debug|iPhoneSimulator.ActiveCfg = Debug|Any CPU
		{117EE2CA-0299-43F5-9FFE-BDAA62C0BB16}.Debug|iPhoneSimulator.Build.0 = Debug|Any CPU
		{117EE2CA-0299-43F5-9FFE-BDAA62C0BB16}.Release|Any CPU.ActiveCfg = Release|Any CPU
		{117EE2CA-0299-43F5-9FFE-BDAA62C0BB16}.Release|Any CPU.Build.0 = Release|Any CPU
		{117EE2CA-0299-43F5-9FFE-BDAA62C0BB16}.Release|iPhone.ActiveCfg = Release|Any CPU
		{117EE2CA-0299-43F5-9FFE-BDAA62C0BB16}.Release|iPhone.Build.0 = Release|Any CPU
		{117EE2CA-0299-43F5-9FFE-BDAA62C0BB16}.Release|iPhoneSimulator.ActiveCfg = Release|Any CPU
		{117EE2CA-0299-43F5-9FFE-BDAA62C0BB16}.Release|iPhoneSimulator.Build.0 = Release|Any CPU
		{33B3ED3E-618C-4BBF-A415-8C9CC18671DF}.Debug|Any CPU.ActiveCfg = Debug|Any CPU
		{33B3ED3E-618C-4BBF-A415-8C9CC18671DF}.Debug|Any CPU.Build.0 = Debug|Any CPU
		{33B3ED3E-618C-4BBF-A415-8C9CC18671DF}.Debug|iPhone.ActiveCfg = Debug|Any CPU
		{33B3ED3E-618C-4BBF-A415-8C9CC18671DF}.Debug|iPhone.Build.0 = Debug|Any CPU
		{33B3ED3E-618C-4BBF-A415-8C9CC18671DF}.Debug|iPhoneSimulator.ActiveCfg = Debug|Any CPU
		{33B3ED3E-618C-4BBF-A415-8C9CC18671DF}.Debug|iPhoneSimulator.Build.0 = Debug|Any CPU
		{33B3ED3E-618C-4BBF-A415-8C9CC18671DF}.Release|Any CPU.ActiveCfg = Release|Any CPU
		{33B3ED3E-618C-4BBF-A415-8C9CC18671DF}.Release|Any CPU.Build.0 = Release|Any CPU
		{33B3ED3E-618C-4BBF-A415-8C9CC18671DF}.Release|iPhone.ActiveCfg = Release|Any CPU
		{33B3ED3E-618C-4BBF-A415-8C9CC18671DF}.Release|iPhone.Build.0 = Release|Any CPU
		{33B3ED3E-618C-4BBF-A415-8C9CC18671DF}.Release|iPhoneSimulator.ActiveCfg = Release|Any CPU
		{33B3ED3E-618C-4BBF-A415-8C9CC18671DF}.Release|iPhoneSimulator.Build.0 = Release|Any CPU
		{7E44F0A2-407F-429E-B1F0-86275B20BA23}.Debug|Any CPU.ActiveCfg = Debug|Any CPU
		{7E44F0A2-407F-429E-B1F0-86275B20BA23}.Debug|Any CPU.Build.0 = Debug|Any CPU
		{7E44F0A2-407F-429E-B1F0-86275B20BA23}.Debug|iPhone.ActiveCfg = Debug|Any CPU
		{7E44F0A2-407F-429E-B1F0-86275B20BA23}.Debug|iPhone.Build.0 = Debug|Any CPU
		{7E44F0A2-407F-429E-B1F0-86275B20BA23}.Debug|iPhoneSimulator.ActiveCfg = Debug|Any CPU
		{7E44F0A2-407F-429E-B1F0-86275B20BA23}.Debug|iPhoneSimulator.Build.0 = Debug|Any CPU
		{7E44F0A2-407F-429E-B1F0-86275B20BA23}.Release|Any CPU.ActiveCfg = Release|Any CPU
		{7E44F0A2-407F-429E-B1F0-86275B20BA23}.Release|Any CPU.Build.0 = Release|Any CPU
		{7E44F0A2-407F-429E-B1F0-86275B20BA23}.Release|iPhone.ActiveCfg = Release|Any CPU
		{7E44F0A2-407F-429E-B1F0-86275B20BA23}.Release|iPhone.Build.0 = Release|Any CPU
		{7E44F0A2-407F-429E-B1F0-86275B20BA23}.Release|iPhoneSimulator.ActiveCfg = Release|Any CPU
		{7E44F0A2-407F-429E-B1F0-86275B20BA23}.Release|iPhoneSimulator.Build.0 = Release|Any CPU
		{53383322-DE09-46C7-9916-2BE656BE165D}.Debug|Any CPU.ActiveCfg = Debug|Any CPU
		{53383322-DE09-46C7-9916-2BE656BE165D}.Debug|Any CPU.Build.0 = Debug|Any CPU
		{53383322-DE09-46C7-9916-2BE656BE165D}.Debug|iPhone.ActiveCfg = Debug|Any CPU
		{53383322-DE09-46C7-9916-2BE656BE165D}.Debug|iPhone.Build.0 = Debug|Any CPU
		{53383322-DE09-46C7-9916-2BE656BE165D}.Debug|iPhoneSimulator.ActiveCfg = Debug|Any CPU
		{53383322-DE09-46C7-9916-2BE656BE165D}.Debug|iPhoneSimulator.Build.0 = Debug|Any CPU
		{53383322-DE09-46C7-9916-2BE656BE165D}.Release|Any CPU.ActiveCfg = Release|Any CPU
		{53383322-DE09-46C7-9916-2BE656BE165D}.Release|Any CPU.Build.0 = Release|Any CPU
		{53383322-DE09-46C7-9916-2BE656BE165D}.Release|iPhone.ActiveCfg = Release|Any CPU
		{53383322-DE09-46C7-9916-2BE656BE165D}.Release|iPhone.Build.0 = Release|Any CPU
		{53383322-DE09-46C7-9916-2BE656BE165D}.Release|iPhoneSimulator.ActiveCfg = Release|Any CPU
		{53383322-DE09-46C7-9916-2BE656BE165D}.Release|iPhoneSimulator.Build.0 = Release|Any CPU
		{BAEE7376-7515-4339-B957-06C7D97BAF21}.Debug|Any CPU.ActiveCfg = Debug|Any CPU
		{BAEE7376-7515-4339-B957-06C7D97BAF21}.Debug|Any CPU.Build.0 = Debug|Any CPU
		{BAEE7376-7515-4339-B957-06C7D97BAF21}.Debug|iPhone.ActiveCfg = Debug|Any CPU
		{BAEE7376-7515-4339-B957-06C7D97BAF21}.Debug|iPhone.Build.0 = Debug|Any CPU
		{BAEE7376-7515-4339-B957-06C7D97BAF21}.Debug|iPhoneSimulator.ActiveCfg = Debug|Any CPU
		{BAEE7376-7515-4339-B957-06C7D97BAF21}.Debug|iPhoneSimulator.Build.0 = Debug|Any CPU
		{BAEE7376-7515-4339-B957-06C7D97BAF21}.Release|Any CPU.ActiveCfg = Release|Any CPU
		{BAEE7376-7515-4339-B957-06C7D97BAF21}.Release|Any CPU.Build.0 = Release|Any CPU
		{BAEE7376-7515-4339-B957-06C7D97BAF21}.Release|iPhone.ActiveCfg = Release|Any CPU
		{BAEE7376-7515-4339-B957-06C7D97BAF21}.Release|iPhone.Build.0 = Release|Any CPU
		{BAEE7376-7515-4339-B957-06C7D97BAF21}.Release|iPhoneSimulator.ActiveCfg = Release|Any CPU
		{BAEE7376-7515-4339-B957-06C7D97BAF21}.Release|iPhoneSimulator.Build.0 = Release|Any CPU
		{8DC148C9-D427-4CCD-A519-B2884F82CECE}.Debug|Any CPU.ActiveCfg = Debug|Any CPU
		{8DC148C9-D427-4CCD-A519-B2884F82CECE}.Debug|Any CPU.Build.0 = Debug|Any CPU
		{8DC148C9-D427-4CCD-A519-B2884F82CECE}.Debug|iPhone.ActiveCfg = Debug|Any CPU
		{8DC148C9-D427-4CCD-A519-B2884F82CECE}.Debug|iPhone.Build.0 = Debug|Any CPU
		{8DC148C9-D427-4CCD-A519-B2884F82CECE}.Debug|iPhoneSimulator.ActiveCfg = Debug|Any CPU
		{8DC148C9-D427-4CCD-A519-B2884F82CECE}.Debug|iPhoneSimulator.Build.0 = Debug|Any CPU
		{8DC148C9-D427-4CCD-A519-B2884F82CECE}.Release|Any CPU.ActiveCfg = Release|Any CPU
		{8DC148C9-D427-4CCD-A519-B2884F82CECE}.Release|Any CPU.Build.0 = Release|Any CPU
		{8DC148C9-D427-4CCD-A519-B2884F82CECE}.Release|iPhone.ActiveCfg = Release|Any CPU
		{8DC148C9-D427-4CCD-A519-B2884F82CECE}.Release|iPhone.Build.0 = Release|Any CPU
		{8DC148C9-D427-4CCD-A519-B2884F82CECE}.Release|iPhoneSimulator.ActiveCfg = Release|Any CPU
		{8DC148C9-D427-4CCD-A519-B2884F82CECE}.Release|iPhoneSimulator.Build.0 = Release|Any CPU
		{A5C05025-6BC6-4AD0-9696-AE02CD398603}.Debug|Any CPU.ActiveCfg = Debug|Any CPU
		{A5C05025-6BC6-4AD0-9696-AE02CD398603}.Debug|Any CPU.Build.0 = Debug|Any CPU
		{A5C05025-6BC6-4AD0-9696-AE02CD398603}.Debug|iPhone.ActiveCfg = Debug|Any CPU
		{A5C05025-6BC6-4AD0-9696-AE02CD398603}.Debug|iPhone.Build.0 = Debug|Any CPU
		{A5C05025-6BC6-4AD0-9696-AE02CD398603}.Debug|iPhoneSimulator.ActiveCfg = Debug|Any CPU
		{A5C05025-6BC6-4AD0-9696-AE02CD398603}.Debug|iPhoneSimulator.Build.0 = Debug|Any CPU
		{A5C05025-6BC6-4AD0-9696-AE02CD398603}.Release|Any CPU.ActiveCfg = Release|Any CPU
		{A5C05025-6BC6-4AD0-9696-AE02CD398603}.Release|Any CPU.Build.0 = Release|Any CPU
		{A5C05025-6BC6-4AD0-9696-AE02CD398603}.Release|iPhone.ActiveCfg = Release|Any CPU
		{A5C05025-6BC6-4AD0-9696-AE02CD398603}.Release|iPhone.Build.0 = Release|Any CPU
		{A5C05025-6BC6-4AD0-9696-AE02CD398603}.Release|iPhoneSimulator.ActiveCfg = Release|Any CPU
		{A5C05025-6BC6-4AD0-9696-AE02CD398603}.Release|iPhoneSimulator.Build.0 = Release|Any CPU
		{7349927A-5B75-4D6A-818F-6F00238FE7FF}.Debug|Any CPU.ActiveCfg = Debug|Any CPU
		{7349927A-5B75-4D6A-818F-6F00238FE7FF}.Debug|Any CPU.Build.0 = Debug|Any CPU
		{7349927A-5B75-4D6A-818F-6F00238FE7FF}.Debug|Any CPU.Deploy.0 = Debug|Any CPU
		{7349927A-5B75-4D6A-818F-6F00238FE7FF}.Debug|iPhone.ActiveCfg = Debug|Any CPU
		{7349927A-5B75-4D6A-818F-6F00238FE7FF}.Debug|iPhone.Build.0 = Debug|Any CPU
		{7349927A-5B75-4D6A-818F-6F00238FE7FF}.Debug|iPhone.Deploy.0 = Debug|Any CPU
		{7349927A-5B75-4D6A-818F-6F00238FE7FF}.Debug|iPhoneSimulator.ActiveCfg = Debug|Any CPU
		{7349927A-5B75-4D6A-818F-6F00238FE7FF}.Debug|iPhoneSimulator.Build.0 = Debug|Any CPU
		{7349927A-5B75-4D6A-818F-6F00238FE7FF}.Debug|iPhoneSimulator.Deploy.0 = Debug|Any CPU
		{7349927A-5B75-4D6A-818F-6F00238FE7FF}.Release|Any CPU.ActiveCfg = Release|Any CPU
		{7349927A-5B75-4D6A-818F-6F00238FE7FF}.Release|Any CPU.Build.0 = Release|Any CPU
		{7349927A-5B75-4D6A-818F-6F00238FE7FF}.Release|Any CPU.Deploy.0 = Release|Any CPU
		{7349927A-5B75-4D6A-818F-6F00238FE7FF}.Release|iPhone.ActiveCfg = Release|Any CPU
		{7349927A-5B75-4D6A-818F-6F00238FE7FF}.Release|iPhone.Build.0 = Release|Any CPU
		{7349927A-5B75-4D6A-818F-6F00238FE7FF}.Release|iPhone.Deploy.0 = Release|Any CPU
		{7349927A-5B75-4D6A-818F-6F00238FE7FF}.Release|iPhoneSimulator.ActiveCfg = Release|Any CPU
		{7349927A-5B75-4D6A-818F-6F00238FE7FF}.Release|iPhoneSimulator.Build.0 = Release|Any CPU
		{7349927A-5B75-4D6A-818F-6F00238FE7FF}.Release|iPhoneSimulator.Deploy.0 = Release|Any CPU
		{EB47D11D-3C41-4703-8D25-CAACB380E398}.Debug|Any CPU.ActiveCfg = Debug|iPhoneSimulator
		{EB47D11D-3C41-4703-8D25-CAACB380E398}.Debug|Any CPU.Build.0 = Debug|iPhoneSimulator
		{EB47D11D-3C41-4703-8D25-CAACB380E398}.Debug|iPhone.ActiveCfg = Debug|iPhone
		{EB47D11D-3C41-4703-8D25-CAACB380E398}.Debug|iPhone.Build.0 = Debug|iPhone
		{EB47D11D-3C41-4703-8D25-CAACB380E398}.Debug|iPhoneSimulator.ActiveCfg = Debug|iPhoneSimulator
		{EB47D11D-3C41-4703-8D25-CAACB380E398}.Debug|iPhoneSimulator.Build.0 = Debug|iPhoneSimulator
		{EB47D11D-3C41-4703-8D25-CAACB380E398}.Release|Any CPU.ActiveCfg = Release|iPhoneSimulator
		{EB47D11D-3C41-4703-8D25-CAACB380E398}.Release|Any CPU.Build.0 = Release|iPhoneSimulator
		{EB47D11D-3C41-4703-8D25-CAACB380E398}.Release|iPhone.ActiveCfg = Release|iPhone
		{EB47D11D-3C41-4703-8D25-CAACB380E398}.Release|iPhone.Build.0 = Release|iPhone
		{EB47D11D-3C41-4703-8D25-CAACB380E398}.Release|iPhoneSimulator.ActiveCfg = Release|iPhoneSimulator
		{EB47D11D-3C41-4703-8D25-CAACB380E398}.Release|iPhoneSimulator.Build.0 = Release|iPhoneSimulator
		{E0B62A45-ADE6-4DFD-8681-9111BB1D69AA}.Debug|Any CPU.ActiveCfg = Debug|Any CPU
		{E0B62A45-ADE6-4DFD-8681-9111BB1D69AA}.Debug|Any CPU.Build.0 = Debug|Any CPU
		{E0B62A45-ADE6-4DFD-8681-9111BB1D69AA}.Debug|iPhone.ActiveCfg = Debug|Any CPU
		{E0B62A45-ADE6-4DFD-8681-9111BB1D69AA}.Debug|iPhone.Build.0 = Debug|Any CPU
		{E0B62A45-ADE6-4DFD-8681-9111BB1D69AA}.Debug|iPhoneSimulator.ActiveCfg = Debug|Any CPU
		{E0B62A45-ADE6-4DFD-8681-9111BB1D69AA}.Debug|iPhoneSimulator.Build.0 = Debug|Any CPU
		{E0B62A45-ADE6-4DFD-8681-9111BB1D69AA}.Release|Any CPU.ActiveCfg = Release|Any CPU
		{E0B62A45-ADE6-4DFD-8681-9111BB1D69AA}.Release|Any CPU.Build.0 = Release|Any CPU
		{E0B62A45-ADE6-4DFD-8681-9111BB1D69AA}.Release|iPhone.ActiveCfg = Release|Any CPU
		{E0B62A45-ADE6-4DFD-8681-9111BB1D69AA}.Release|iPhone.Build.0 = Release|Any CPU
		{E0B62A45-ADE6-4DFD-8681-9111BB1D69AA}.Release|iPhoneSimulator.ActiveCfg = Release|Any CPU
		{E0B62A45-ADE6-4DFD-8681-9111BB1D69AA}.Release|iPhoneSimulator.Build.0 = Release|Any CPU
		{9F63E0C5-CCA0-4EC4-8F75-0D9C45D9E15F}.Debug|Any CPU.ActiveCfg = Debug|Any CPU
		{9F63E0C5-CCA0-4EC4-8F75-0D9C45D9E15F}.Debug|Any CPU.Build.0 = Debug|Any CPU
		{9F63E0C5-CCA0-4EC4-8F75-0D9C45D9E15F}.Debug|iPhone.ActiveCfg = Debug|Any CPU
		{9F63E0C5-CCA0-4EC4-8F75-0D9C45D9E15F}.Debug|iPhone.Build.0 = Debug|Any CPU
		{9F63E0C5-CCA0-4EC4-8F75-0D9C45D9E15F}.Debug|iPhoneSimulator.ActiveCfg = Debug|Any CPU
		{9F63E0C5-CCA0-4EC4-8F75-0D9C45D9E15F}.Debug|iPhoneSimulator.Build.0 = Debug|Any CPU
		{9F63E0C5-CCA0-4EC4-8F75-0D9C45D9E15F}.Release|Any CPU.ActiveCfg = Release|Any CPU
		{9F63E0C5-CCA0-4EC4-8F75-0D9C45D9E15F}.Release|Any CPU.Build.0 = Release|Any CPU
		{9F63E0C5-CCA0-4EC4-8F75-0D9C45D9E15F}.Release|iPhone.ActiveCfg = Release|Any CPU
		{9F63E0C5-CCA0-4EC4-8F75-0D9C45D9E15F}.Release|iPhone.Build.0 = Release|Any CPU
		{9F63E0C5-CCA0-4EC4-8F75-0D9C45D9E15F}.Release|iPhoneSimulator.ActiveCfg = Release|Any CPU
		{9F63E0C5-CCA0-4EC4-8F75-0D9C45D9E15F}.Release|iPhoneSimulator.Build.0 = Release|Any CPU
		{F01AF123-3F17-4601-A8AF-4CA3478179C8}.Debug|Any CPU.ActiveCfg = Debug|Any CPU
		{F01AF123-3F17-4601-A8AF-4CA3478179C8}.Debug|Any CPU.Build.0 = Debug|Any CPU
		{F01AF123-3F17-4601-A8AF-4CA3478179C8}.Debug|iPhone.ActiveCfg = Debug|Any CPU
		{F01AF123-3F17-4601-A8AF-4CA3478179C8}.Debug|iPhone.Build.0 = Debug|Any CPU
		{F01AF123-3F17-4601-A8AF-4CA3478179C8}.Debug|iPhoneSimulator.ActiveCfg = Debug|Any CPU
		{F01AF123-3F17-4601-A8AF-4CA3478179C8}.Debug|iPhoneSimulator.Build.0 = Debug|Any CPU
		{F01AF123-3F17-4601-A8AF-4CA3478179C8}.Release|Any CPU.ActiveCfg = Release|Any CPU
		{F01AF123-3F17-4601-A8AF-4CA3478179C8}.Release|Any CPU.Build.0 = Release|Any CPU
		{F01AF123-3F17-4601-A8AF-4CA3478179C8}.Release|iPhone.ActiveCfg = Release|Any CPU
		{F01AF123-3F17-4601-A8AF-4CA3478179C8}.Release|iPhone.Build.0 = Release|Any CPU
		{F01AF123-3F17-4601-A8AF-4CA3478179C8}.Release|iPhoneSimulator.ActiveCfg = Release|Any CPU
		{F01AF123-3F17-4601-A8AF-4CA3478179C8}.Release|iPhoneSimulator.Build.0 = Release|Any CPU
	EndGlobalSection
	GlobalSection(SolutionProperties) = preSolution
		HideSolutionNode = FALSE
	EndGlobalSection
	GlobalSection(NestedProjects) = preSolution
		{8DC148C9-D427-4CCD-A519-B2884F82CECE} = {185C7186-026A-47E0-81D6-D3AFD7668824}
		{A5C05025-6BC6-4AD0-9696-AE02CD398603} = {CA8B8EF8-8966-41C1-9860-19463413B1EB}
		{9F63E0C5-CCA0-4EC4-8F75-0D9C45D9E15F} = {CA8B8EF8-8966-41C1-9860-19463413B1EB}
		{F01AF123-3F17-4601-A8AF-4CA3478179C8} = {CA8B8EF8-8966-41C1-9860-19463413B1EB}
	EndGlobalSection
	GlobalSection(ExtensibilityGlobals) = postSolution
		SolutionGuid = {DBB34303-596F-415C-B224-7A1C1085258E}
	EndGlobalSection
EndGlobal
